
Microsoft Visual Studio Solution File, Format Version 12.00
# Visual Studio Version 17
VisualStudioVersion = 17.8.34330.188
MinimumVisualStudioVersion = 10.0.40219.1
Project("{9A19103F-16F7-4668-BE54-9A1E7A4F7556}") = "AdvanceCSharp.database", "AdvanceCSharp.database\AdvanceCSharp.database.csproj", "{9D2A69BF-62ED-4030-BC81-EDE7AD43C820}"
EndProject
Project("{9A19103F-16F7-4668-BE54-9A1E7A4F7556}") = "AdvanceCSharp.dto", "AdvanceCSharp.dto\AdvanceCSharp.dto.csproj", "{32AD8118-4A59-4CD0-B45A-C0EA2CE47898}"
EndProject
Project("{9A19103F-16F7-4668-BE54-9A1E7A4F7556}") = "AdvanceCSharp.service", "AdvanceCSharp.service\AdvanceCSharp.service.csproj", "{5531C453-B69B-402B-8326-19744D8F7585}"
EndProject
Project("{9A19103F-16F7-4668-BE54-9A1E7A4F7556}") = "AdvanceCSharp.API", "AdvanceCSharp.API\AdvanceCSharp.API.csproj", "{BAA8C295-EB9C-4E0C-BB2A-501BE1E6AA85}"
EndProject
Project("{9A19103F-16F7-4668-BE54-9A1E7A4F7556}") = "AdvanceCSharp.testing", "AdvanceCSharp.testing\AdvanceCSharp.testing.csproj", "{C742467F-C582-4AB7-BF56-C47E3264BA15}"
EndProject
Global
	GlobalSection(SolutionConfigurationPlatforms) = preSolution
		Debug|Any CPU = Debug|Any CPU
		Release|Any CPU = Release|Any CPU
	EndGlobalSection
	GlobalSection(ProjectConfigurationPlatforms) = postSolution
		{9D2A69BF-62ED-4030-BC81-EDE7AD43C820}.Debug|Any CPU.ActiveCfg = Debug|Any CPU
		{9D2A69BF-62ED-4030-BC81-EDE7AD43C820}.Debug|Any CPU.Build.0 = Debug|Any CPU
		{9D2A69BF-62ED-4030-BC81-EDE7AD43C820}.Release|Any CPU.ActiveCfg = Release|Any CPU
		{9D2A69BF-62ED-4030-BC81-EDE7AD43C820}.Release|Any CPU.Build.0 = Release|Any CPU
		{32AD8118-4A59-4CD0-B45A-C0EA2CE47898}.Debug|Any CPU.ActiveCfg = Debug|Any CPU
		{32AD8118-4A59-4CD0-B45A-C0EA2CE47898}.Debug|Any CPU.Build.0 = Debug|Any CPU
		{32AD8118-4A59-4CD0-B45A-C0EA2CE47898}.Release|Any CPU.ActiveCfg = Release|Any CPU
		{32AD8118-4A59-4CD0-B45A-C0EA2CE47898}.Release|Any CPU.Build.0 = Release|Any CPU
		{5531C453-B69B-402B-8326-19744D8F7585}.Debug|Any CPU.ActiveCfg = Debug|Any CPU
		{5531C453-B69B-402B-8326-19744D8F7585}.Debug|Any CPU.Build.0 = Debug|Any CPU
		{5531C453-B69B-402B-8326-19744D8F7585}.Release|Any CPU.ActiveCfg = Release|Any CPU
		{5531C453-B69B-402B-8326-19744D8F7585}.Release|Any CPU.Build.0 = Release|Any CPU
		{BAA8C295-EB9C-4E0C-BB2A-501BE1E6AA85}.Debug|Any CPU.ActiveCfg = Debug|Any CPU
		{BAA8C295-EB9C-4E0C-BB2A-501BE1E6AA85}.Debug|Any CPU.Build.0 = Debug|Any CPU
		{BAA8C295-EB9C-4E0C-BB2A-501BE1E6AA85}.Release|Any CPU.ActiveCfg = Release|Any CPU
		{BAA8C295-EB9C-4E0C-BB2A-501BE1E6AA85}.Release|Any CPU.Build.0 = Release|Any CPU
		{C742467F-C582-4AB7-BF56-C47E3264BA15}.Debug|Any CPU.ActiveCfg = Debug|Any CPU
		{C742467F-C582-4AB7-BF56-C47E3264BA15}.Debug|Any CPU.Build.0 = Debug|Any CPU
		{C742467F-C582-4AB7-BF56-C47E3264BA15}.Release|Any CPU.ActiveCfg = Release|Any CPU
		{C742467F-C582-4AB7-BF56-C47E3264BA15}.Release|Any CPU.Build.0 = Release|Any CPU
	EndGlobalSection
	GlobalSection(SolutionProperties) = preSolution
		HideSolutionNode = FALSE
	EndGlobalSection
	GlobalSection(ExtensibilityGlobals) = postSolution
		SolutionGuid = {90FB2C23-F0CC-4C85-BD1C-05D90F0D9509}
	EndGlobalSection
EndGlobal
